
Microsoft Visual Studio Solution File, Format Version 12.00
# Visual Studio Version 16
VisualStudioVersion = 16.0.30907.101
MinimumVisualStudioVersion = 10.0.40219.1
Project("{9A19103F-16F7-4668-BE54-9A1E7A4F7556}") = "BowlingGame", "BowlingGame\BowlingGame.csproj", "{EDB370C4-3E2E-44C3-8CC8-EB0245F4072A}"
EndProject
Project("{9A19103F-16F7-4668-BE54-9A1E7A4F7556}") = "BowlingTests", "BowlingTests\BowlingTests.csproj", "{54E30158-C531-437C-BD30-A2F29CFEB75C}"
EndProject
Project("{9A19103F-16F7-4668-BE54-9A1E7A4F7556}") = "BowlingGame.Model", "BowlingGame.Model\BowlingGame.Model.csproj", "{EBFFAD86-D72B-4BA8-99DF-D0568378DB23}"
EndProject
Project("{9A19103F-16F7-4668-BE54-9A1E7A4F7556}") = "BowlingGame.Service", "BowlingGame.Service\BowlingGame.Service.csproj", "{32B079EF-75C6-44DA-8374-D0F6A1CE030F}"
EndProject
Project("{9A19103F-16F7-4668-BE54-9A1E7A4F7556}") = "BowlingGame.Shared", "BowlingGame.Shared\BowlingGame.Shared.csproj", "{4029FCCE-2069-4B1A-9A98-34876DA11938}"
EndProject
Global
	GlobalSection(SolutionConfigurationPlatforms) = preSolution
		Debug|Any CPU = Debug|Any CPU
		Release|Any CPU = Release|Any CPU
	EndGlobalSection
	GlobalSection(ProjectConfigurationPlatforms) = postSolution
		{EDB370C4-3E2E-44C3-8CC8-EB0245F4072A}.Debug|Any CPU.ActiveCfg = Debug|Any CPU
		{EDB370C4-3E2E-44C3-8CC8-EB0245F4072A}.Debug|Any CPU.Build.0 = Debug|Any CPU
		{EDB370C4-3E2E-44C3-8CC8-EB0245F4072A}.Release|Any CPU.ActiveCfg = Release|Any CPU
		{EDB370C4-3E2E-44C3-8CC8-EB0245F4072A}.Release|Any CPU.Build.0 = Release|Any CPU
		{54E30158-C531-437C-BD30-A2F29CFEB75C}.Debug|Any CPU.ActiveCfg = Debug|Any CPU
		{54E30158-C531-437C-BD30-A2F29CFEB75C}.Debug|Any CPU.Build.0 = Debug|Any CPU
		{54E30158-C531-437C-BD30-A2F29CFEB75C}.Release|Any CPU.ActiveCfg = Release|Any CPU
		{54E30158-C531-437C-BD30-A2F29CFEB75C}.Release|Any CPU.Build.0 = Release|Any CPU
		{EBFFAD86-D72B-4BA8-99DF-D0568378DB23}.Debug|Any CPU.ActiveCfg = Debug|Any CPU
		{EBFFAD86-D72B-4BA8-99DF-D0568378DB23}.Debug|Any CPU.Build.0 = Debug|Any CPU
		{EBFFAD86-D72B-4BA8-99DF-D0568378DB23}.Release|Any CPU.ActiveCfg = Release|Any CPU
		{EBFFAD86-D72B-4BA8-99DF-D0568378DB23}.Release|Any CPU.Build.0 = Release|Any CPU
		{32B079EF-75C6-44DA-8374-D0F6A1CE030F}.Debug|Any CPU.ActiveCfg = Debug|Any CPU
		{32B079EF-75C6-44DA-8374-D0F6A1CE030F}.Debug|Any CPU.Build.0 = Debug|Any CPU
		{32B079EF-75C6-44DA-8374-D0F6A1CE030F}.Release|Any CPU.ActiveCfg = Release|Any CPU
		{32B079EF-75C6-44DA-8374-D0F6A1CE030F}.Release|Any CPU.Build.0 = Release|Any CPU
		{4029FCCE-2069-4B1A-9A98-34876DA11938}.Debug|Any CPU.ActiveCfg = Debug|Any CPU
		{4029FCCE-2069-4B1A-9A98-34876DA11938}.Debug|Any CPU.Build.0 = Debug|Any CPU
		{4029FCCE-2069-4B1A-9A98-34876DA11938}.Release|Any CPU.ActiveCfg = Release|Any CPU
		{4029FCCE-2069-4B1A-9A98-34876DA11938}.Release|Any CPU.Build.0 = Release|Any CPU
	EndGlobalSection
	GlobalSection(SolutionProperties) = preSolution
		HideSolutionNode = FALSE
	EndGlobalSection
	GlobalSection(ExtensibilityGlobals) = postSolution
		SolutionGuid = {A6374365-52B3-4A47-A8CB-92679CCD5ADB}
	EndGlobalSection
EndGlobal
